
Microsoft Visual Studio Solution File, Format Version 12.00
# Visual Studio 14
VisualStudioVersion = 14.0.25420.1
MinimumVisualStudioVersion = 10.0.40219.1
Project("{FAE04EC0-301F-11D3-BF4B-00C04F79EFBC}") = "FaceLogin.Droid", "FaceLogin.Droid\FaceLogin.Droid.csproj", "{0A7982FA-29E0-47FB-84E0-AC0B4F4E7193}"
EndProject
Project("{FAE04EC0-301F-11D3-BF4B-00C04F79EFBC}") = "FaceLogin.Core", "FaceLogin.Core\FaceLogin.Core.csproj", "{AF7B5561-6F28-434B-91BB-6CC2B5328221}"
EndProject
Global
	GlobalSection(SolutionConfigurationPlatforms) = preSolution
		Debug|Any CPU = Debug|Any CPU
		Release|Any CPU = Release|Any CPU
	EndGlobalSection
	GlobalSection(ProjectConfigurationPlatforms) = postSolution
		{0A7982FA-29E0-47FB-84E0-AC0B4F4E7193}.Debug|Any CPU.ActiveCfg = Debug|Any CPU
		{0A7982FA-29E0-47FB-84E0-AC0B4F4E7193}.Debug|Any CPU.Build.0 = Debug|Any CPU
		{0A7982FA-29E0-47FB-84E0-AC0B4F4E7193}.Debug|Any CPU.Deploy.0 = Debug|Any CPU
		{0A7982FA-29E0-47FB-84E0-AC0B4F4E7193}.Release|Any CPU.ActiveCfg = Release|Any CPU
		{0A7982FA-29E0-47FB-84E0-AC0B4F4E7193}.Release|Any CPU.Build.0 = Release|Any CPU
		{0A7982FA-29E0-47FB-84E0-AC0B4F4E7193}.Release|Any CPU.Deploy.0 = Release|Any CPU
		{AF7B5561-6F28-434B-91BB-6CC2B5328221}.Debug|Any CPU.ActiveCfg = Debug|Any CPU
		{AF7B5561-6F28-434B-91BB-6CC2B5328221}.Debug|Any CPU.Build.0 = Debug|Any CPU
		{AF7B5561-6F28-434B-91BB-6CC2B5328221}.Release|Any CPU.ActiveCfg = Release|Any CPU
		{AF7B5561-6F28-434B-91BB-6CC2B5328221}.Release|Any CPU.Build.0 = Release|Any CPU
	EndGlobalSection
	GlobalSection(SolutionProperties) = preSolution
		HideSolutionNode = FALSE
	EndGlobalSection
EndGlobal
